
Microsoft Visual Studio Solution File, Format Version 12.00
Project("{FAE04EC0-301F-11D3-BF4B-00C04F79EFBC}") = "InsurancePlansNetCore-web", "InsurancePlansNetCore-web\InsurancePlansNetCore-web.csproj", "{9CFC3902-24E5-43B5-988D-1A5D2BD1EE11}"
EndProject
Project("{FAE04EC0-301F-11D3-BF4B-00C04F79EFBC}") = "InsurancePlansNetCore-data", "InsurancePlansNetCore-data\InsurancePlansNetCore-data.csproj", "{0FF62C58-3D93-46BA-A31C-CA7E9AD92E3F}"
EndProject
Global
	GlobalSection(SolutionConfigurationPlatforms) = preSolution
		Debug|Any CPU = Debug|Any CPU
		Release|Any CPU = Release|Any CPU
	EndGlobalSection
	GlobalSection(ProjectConfigurationPlatforms) = postSolution
		{9CFC3902-24E5-43B5-988D-1A5D2BD1EE11}.Debug|Any CPU.ActiveCfg = Debug|Any CPU
		{9CFC3902-24E5-43B5-988D-1A5D2BD1EE11}.Debug|Any CPU.Build.0 = Debug|Any CPU
		{9CFC3902-24E5-43B5-988D-1A5D2BD1EE11}.Release|Any CPU.ActiveCfg = Release|Any CPU
		{9CFC3902-24E5-43B5-988D-1A5D2BD1EE11}.Release|Any CPU.Build.0 = Release|Any CPU
		{0FF62C58-3D93-46BA-A31C-CA7E9AD92E3F}.Debug|Any CPU.ActiveCfg = Debug|Any CPU
		{0FF62C58-3D93-46BA-A31C-CA7E9AD92E3F}.Debug|Any CPU.Build.0 = Debug|Any CPU
		{0FF62C58-3D93-46BA-A31C-CA7E9AD92E3F}.Release|Any CPU.ActiveCfg = Release|Any CPU
		{0FF62C58-3D93-46BA-A31C-CA7E9AD92E3F}.Release|Any CPU.Build.0 = Release|Any CPU
	EndGlobalSection
EndGlobal
